PODS:
  - ColorfulWoodCategories (1.0.11)
  - Masonry (1.1.0)

DEPENDENCIES:
  - ColorfulWoodCategories
  - Masonry

SPEC REPOS:
  https://github.com/cocoapods/specs.git:
    - ColorfulWoodCategories
    - Masonry

SPEC CHECKSUMS:
  ColorfulWoodCategories: 218516748fca25f95ac6fa7fad248de0bc302c33
  Masonry: 678fab65091a9290e40e2832a55e7ab731aad201

PODFILE CHECKSUM: 91cb26c32b6a08ce078746143172a8dfbf69dd93

COCOAPODS: 1.5.2
