PODS:
  - ColorfulWoodCategories (1.0.18)
  - ColorfulWoodNavigationBar (1.0.5)
  - ColorfulWoodPoint (1.0.6)
  - ColorfulWoodTools (1.0.24):
    - ColorfulWoodNavigationBar
    - Masonry
    - MBProgressHUD
    - SDWebImage
  - IQKeyboardManager (6.2.0)
  - Masonry (1.1.0)
  - MBProgressHUD (1.1.0)
  - MJRefresh (3.1.15.3)
  - RITLKit (1.2.1):
    - Masonry
    - RITLKit/Category (= 1.2.1)
    - RITLKit/ImagePicker (= 1.2.1)
    - RITLKit/ScrollPageController (= 1.2.1)
    - RITLKit/Utility (= 1.2.1)
    - RITLKit/View (= 1.2.1)
    - RITLKit/Web (= 1.2.1)
    - RITLViewFrame
  - RITLKit/Category (1.2.1):
    - Masonry
    - RITLKit/Utility
    - RITLViewFrame
  - RITLKit/ImagePicker (1.2.1):
    - Masonry
    - RITLViewFrame
  - RITLKit/ScrollPageController (1.2.1):
    - Masonry
    - RITLKit/Category
    - RITLKit/ScrollPageController/LLSegmentBar (= 1.2.1)
    - RITLKit/Utility
    - RITLViewFrame
  - RITLKit/ScrollPageController/LLSegmentBar (1.2.1):
    - Masonry
    - RITLKit/Category
    - RITLKit/Utility
    - RITLViewFrame
  - RITLKit/Utility (1.2.1):
    - Masonry
    - RITLKit/Utility/DownLoader (= 1.2.1)
    - RITLKit/Utility/Filter (= 1.2.1)
    - RITLKit/Utility/Reachability (= 1.2.1)
    - RITLViewFrame
  - RITLKit/Utility/DownLoader (1.2.1):
    - Masonry
    - RITLViewFrame
  - RITLKit/Utility/Filter (1.2.1):
    - Masonry
    - RITLViewFrame
  - RITLKit/Utility/Reachability (1.2.1):
    - Masonry
    - RITLViewFrame
  - RITLKit/View (1.2.1):
    - Masonry
    - RITLKit/Category
    - RITLKit/Utility
    - RITLViewFrame
  - RITLKit/Web (1.2.1):
    - Masonry
    - RITLKit/Category
    - RITLKit/Utility
    - RITLViewFrame
  - RITLPhotos (2.2.4):
    - Masonry
    - RITLKit
    - RITLPhotos/Protocol (= 2.2.4)
    - RITLPhotos/RITLCollectionModule (= 2.2.4)
    - RITLPhotos/RITLConfig (= 2.2.4)
    - RITLPhotos/RITLData (= 2.2.4)
    - RITLPhotos/RITLGroupModule (= 2.2.4)
    - RITLPhotos/RITLHoriScrollModule (= 2.2.4)
    - RITLPhotos/RITLPhotosCategory (= 2.2.4)
    - RITLPhotos/RITLPhotosController (= 2.2.4)
    - RITLPhotos/RITLPhotoStore (= 2.2.4)
    - RITLPhotos/RITLViews (= 2.2.4)
  - RITLPhotos/Protocol (2.2.4):
    - Masonry
    - RITLKit
  - RITLPhotos/RITLCollectionModule (2.2.4):
    - Masonry
    - RITLKit
    - RITLPhotos/RITLConfig
    - RITLPhotos/RITLData
    - RITLPhotos/RITLHoriScrollModule
    - RITLPhotos/RITLPhotosCategory
    - RITLPhotos/RITLPhotoStore
    - RITLPhotos/RITLViews
  - RITLPhotos/RITLConfig (2.2.4):
    - Masonry
    - RITLKit
  - RITLPhotos/RITLData (2.2.4):
    - Masonry
    - RITLKit
    - RITLPhotos/Protocol
    - RITLPhotos/RITLPhotosCategory
  - RITLPhotos/RITLGroupModule (2.2.4):
    - Masonry
    - RITLKit
    - RITLPhotos/RITLCollectionModule
    - RITLPhotos/RITLPhotosCategory
    - RITLPhotos/RITLPhotoStore
  - RITLPhotos/RITLHoriScrollModule (2.2.4):
    - Masonry
    - RITLKit
    - RITLPhotos/RITLConfig
    - RITLPhotos/RITLData
    - RITLPhotos/RITLPhotosCategory
    - RITLPhotos/RITLViews
  - RITLPhotos/RITLPhotosCategory (2.2.4):
    - Masonry
    - RITLKit
  - RITLPhotos/RITLPhotosController (2.2.4):
    - Masonry
    - RITLKit
    - RITLPhotos/Protocol
    - RITLPhotos/RITLCollectionModule
    - RITLPhotos/RITLConfig
    - RITLPhotos/RITLData
    - RITLPhotos/RITLGroupModule
  - RITLPhotos/RITLPhotoStore (2.2.4):
    - Masonry
    - RITLKit
    - RITLPhotos/RITLPhotosCategory
  - RITLPhotos/RITLViews (2.2.4):
    - Masonry
    - RITLKit
    - RITLPhotos/RITLPhotosCategory
  - RITLViewFrame (0.0.1)
  - SDWebImage (4.3.3):
    - SDWebImage/Core (= 4.3.3)
  - SDWebImage/Core (4.3.3)

DEPENDENCIES:
  - ColorfulWoodCategories
  - ColorfulWoodPoint
  - ColorfulWoodTools
  - IQKeyboardManager
  - Masonry
  - MJRefresh
  - RITLPhotos
  - SDWebImage

SPEC REPOS:
  https://github.com/cocoapods/specs.git:
    - ColorfulWoodCategories
    - ColorfulWoodNavigationBar
    - ColorfulWoodPoint
    - ColorfulWoodTools
    - IQKeyboardManager
    - Masonry
    - MBProgressHUD
    - MJRefresh
    - RITLKit
    - RITLPhotos
    - RITLViewFrame
    - SDWebImage

SPEC CHECKSUMS:
  ColorfulWoodCategories: 74173fa70ef860621afa102bfb03dc3f9b542979
  ColorfulWoodNavigationBar: aa725c7fe7a235811708c248ecaa9e6202caabac
  ColorfulWoodPoint: 8d7e960cde283aabf7c2242c1a17b85401eee049
  ColorfulWoodTools: 427107c26dab0238ad49959d92f9a5671a667511
  IQKeyboardManager: 6194101620b73af5e67900b8f89707a99de0b804
  Masonry: 678fab65091a9290e40e2832a55e7ab731aad201
  MBProgressHUD: e7baa36a220447d8aeb12769bf0585582f3866d9
  MJRefresh: b48380ae2b927b46c4ef000de9adb8dc748e1df7
  RITLKit: 73da1f3f8151abcedd774c398446d1e9c07e858e
  RITLPhotos: 7a0ea40ccda4152ba8f13ad75d56b0ce3214a3cd
  RITLViewFrame: 4e38e6333e6b4691c1980c3fcda9ff4d08f0d2c8
  SDWebImage: de4d90b5bff3571eae7bd16202b1f43135409fa5

PODFILE CHECKSUM: 196ddf3e2196bc19d8e796c815ae8a9bdda77687

COCOAPODS: 1.6.0.beta.1
