// !$*UTF8*$!
{
	archiveVersion = 1;
	classes = {
	};
	objectVersion = 46;
	objects = {

/* Begin PBXBuildFile section */
		8B2A0B3C1E3C17AB00603D55 /* main.m in Sources */ = {isa = PBXBuildFile; fileRef = 8B2A0B3B1E3C17AB00603D55 /* main.m */; };
		8B2A0B3F1E3C17AB00603D55 /* AppDelegate.m in Sources */ = {isa = PBXBuildFile; fileRef = 8B2A0B3E1E3C17AB00603D55 /* AppDelegate.m */; };
		8B2A0B421E3C17AB00603D55 /* ViewController.m in Sources */ = {isa = PBXBuildFile; fileRef = 8B2A0B411E3C17AB00603D55 /* ViewController.m */; };
		8B2A0B451E3C17AB00603D55 /* Main.storyboard in Resources */ = {isa = PBXBuildFile; fileRef = 8B2A0B431E3C17AB00603D55 /* Main.storyboard */; };
		8B2A0B481E3C17AB00603D55 /* TestUI.xcdatamodeld in Sources */ = {isa = PBXBuildFile; fileRef = 8B2A0B461E3C17AB00603D55 /* TestUI.xcdatamodeld */; };
		8B2A0B4A1E3C17AB00603D55 /* Assets.xcassets in Resources */ = {isa = PBXBuildFile; fileRef = 8B2A0B491E3C17AB00603D55 /* Assets.xcassets */; };
		8B2A0B4D1E3C17AB00603D55 /* LaunchScreen.storyboard in Resources */ = {isa = PBXBuildFile; fileRef = 8B2A0B4B1E3C17AB00603D55 /* LaunchScreen.storyboard */; };
		8B2A0B581E3C17AB00603D55 /* TestUITests.m in Sources */ = {isa = PBXBuildFile; fileRef = 8B2A0B571E3C17AB00603D55 /* TestUITests.m */; };
		8B2A0B631E3C17AB00603D55 /* TestUIUITests.m in Sources */ = {isa = PBXBuildFile; fileRef = 8B2A0B621E3C17AB00603D55 /* TestUIUITests.m */; };
		8BB8F9321E485348005396F8 /* ColorfulWoodUIBase.framework in Frameworks */ = {isa = PBXBuildFile; fileRef = 8B2A0BD01E43EDD500603D55 /* ColorfulWoodUIBase.framework */; };
		8BB8F9331E485348005396F8 /* ColorfulWoodUIBase.framework in Embed Frameworks */ = {isa = PBXBuildFile; fileRef = 8B2A0BD01E43EDD500603D55 /* ColorfulWoodUIBase.framework */; settings = {ATTRIBUTES = (CodeSignOnCopy, RemoveHeadersOnCopy, ); }; };
		CE8E8D92182A292C2F432E2E /* libPods-TestUI.a in Frameworks */ = {isa = PBXBuildFile; fileRef = 03E2943E35CC127EB69ABC09 /* libPods-TestUI.a */; };
/* End PBXBuildFile section */

/* Begin PBXContainerItemProxy section */
		8B2A0B541E3C17AB00603D55 /* PBXContainerItemProxy */ = {
			isa = PBXContainerItemProxy;
			containerPortal = 8B2A0B2F1E3C17AB00603D55 /* Project object */;
			proxyType = 1;
			remoteGlobalIDString = 8B2A0B361E3C17AB00603D55;
			remoteInfo = TestUI;
		};
		8B2A0B5F1E3C17AB00603D55 /* PBXContainerItemProxy */ = {
			isa = PBXContainerItemProxy;
			containerPortal = 8B2A0B2F1E3C17AB00603D55 /* Project object */;
			proxyType = 1;
			remoteGlobalIDString = 8B2A0B361E3C17AB00603D55;
			remoteInfo = TestUI;
		};
/* End PBXContainerItemProxy section */

/* Begin PBXCopyFilesBuildPhase section */
		8B04F4A91E4687FA0095C2EC /* Embed Frameworks */ = {
			isa = PBXCopyFilesBuildPhase;
			buildActionMask = 2147483647;
			dstPath = "";
			dstSubfolderSpec = 10;
			files = (
				8BB8F9331E485348005396F8 /* ColorfulWoodUIBase.framework in Embed Frameworks */,
			);
			name = "Embed Frameworks";
			runOnlyForDeploymentPostprocessing = 0;
		};
/* End PBXCopyFilesBuildPhase section */

/* Begin PBXFileReference section */
		03E2943E35CC127EB69ABC09 /* libPods-TestUI.a */ = {isa = PBXFileReference; explicitFileType = archive.ar; includeInIndex = 0; path = "libPods-TestUI.a"; sourceTree = BUILT_PRODUCTS_DIR; };
		8B2A0B371E3C17AB00603D55 /* TestUI.app */ = {isa = PBXFileReference; explicitFileType = wrapper.application; includeInIndex = 0; path = TestUI.app; sourceTree = BUILT_PRODUCTS_DIR; };
		8B2A0B3B1E3C17AB00603D55 /* main.m */ = {isa = PBXFileReference; lastKnownFileType = sourcecode.c.objc; path = main.m; sourceTree = "<group>"; };
		8B2A0B3D1E3C17AB00603D55 /* AppDelegate.h */ = {isa = PBXFileReference; lastKnownFileType = sourcecode.c.h; path = AppDelegate.h; sourceTree = "<group>"; };
		8B2A0B3E1E3C17AB00603D55 /* AppDelegate.m */ = {isa = PBXFileReference; lastKnownFileType = sourcecode.c.objc; path = AppDelegate.m; sourceTree = "<group>"; };
		8B2A0B401E3C17AB00603D55 /* ViewController.h */ = {isa = PBXFileReference; lastKnownFileType = sourcecode.c.h; path = ViewController.h; sourceTree = "<group>"; };
		8B2A0B411E3C17AB00603D55 /* ViewController.m */ = {isa = PBXFileReference; lastKnownFileType = sourcecode.c.objc; path = ViewController.m; sourceTree = "<group>"; };
		8B2A0B441E3C17AB00603D55 /* Base */ = {isa = PBXFileReference; lastKnownFileType = file.storyboard; name = Base; path = Base.lproj/Main.storyboard; sourceTree = "<group>"; };
		8B2A0B471E3C17AB00603D55 /* TestUI.xcdatamodel */ = {isa = PBXFileReference; lastKnownFileType = wrapper.xcdatamodel; path = TestUI.xcdatamodel; sourceTree = "<group>"; };
		8B2A0B491E3C17AB00603D55 /* Assets.xcassets */ = {isa = PBXFileReference; lastKnownFileType = folder.assetcatalog; path = Assets.xcassets; sourceTree = "<group>"; };
		8B2A0B4C1E3C17AB00603D55 /* Base */ = {isa = PBXFileReference; lastKnownFileType = file.storyboard; name = Base; path = Base.lproj/LaunchScreen.storyboard; sourceTree = "<group>"; };
		8B2A0B4E1E3C17AB00603D55 /* Info.plist */ = {isa = PBXFileReference; lastKnownFileType = text.plist.xml; path = Info.plist; sourceTree = "<group>"; };
		8B2A0B531E3C17AB00603D55 /* TestUITests.xctest */ = {isa = PBXFileReference; explicitFileType = wrapper.cfbundle; includeInIndex = 0; path = TestUITests.xctest; sourceTree = BUILT_PRODUCTS_DIR; };
		8B2A0B571E3C17AB00603D55 /* TestUITests.m */ = {isa = PBXFileReference; lastKnownFileType = sourcecode.c.objc; path = TestUITests.m; sourceTree = "<group>"; };
		8B2A0B591E3C17AB00603D55 /* Info.plist */ = {isa = PBXFileReference; lastKnownFileType = text.plist.xml; path = Info.plist; sourceTree = "<group>"; };
		8B2A0B5E1E3C17AB00603D55 /* TestUIUITests.xctest */ = {isa = PBXFileReference; explicitFileType = wrapper.cfbundle; includeInIndex = 0; path = TestUIUITests.xctest; sourceTree = BUILT_PRODUCTS_DIR; };
		8B2A0B621E3C17AB00603D55 /* TestUIUITests.m */ = {isa = PBXFileReference; lastKnownFileType = sourcecode.c.objc; path = TestUIUITests.m; sourceTree = "<group>"; };
		8B2A0B641E3C17AB00603D55 /* Info.plist */ = {isa = PBXFileReference; lastKnownFileType = text.plist.xml; path = Info.plist; sourceTree = "<group>"; };
		8B2A0BCE1E43EDAD00603D55 /* Accelerate.framework */ = {isa = PBXFileReference; lastKnownFileType = wrapper.framework; name = Accelerate.framework; path = System/Library/Frameworks/Accelerate.framework; sourceTree = SDKROOT; };
		8B2A0BD01E43EDD500603D55 /* ColorfulWoodUIBase.framework */ = {isa = PBXFileReference; lastKnownFileType = wrapper.framework; name = ColorfulWoodUIBase.framework; path = TestUI/ColorfulWoodUIBase.framework; sourceTree = "<group>"; };
		8B3A65691E49C760003694A8 /* TestUI.pch */ = {isa = PBXFileReference; fileEncoding = 4; lastKnownFileType = sourcecode.c.h; path = TestUI.pch; sourceTree = "<group>"; };
		B485B75A70CF5ABE10948B63 /* Pods-TestUI.release.xcconfig */ = {isa = PBXFileReference; includeInIndex = 1; lastKnownFileType = text.xcconfig; name = "Pods-TestUI.release.xcconfig"; path = "Pods/Target Support Files/Pods-TestUI/Pods-TestUI.release.xcconfig"; sourceTree = "<group>"; };
		E24D33A24C5445A7EAF11A12 /* Pods-TestUI.debug.xcconfig */ = {isa = PBXFileReference; includeInIndex = 1; lastKnownFileType = text.xcconfig; name = "Pods-TestUI.debug.xcconfig"; path = "Pods/Target Support Files/Pods-TestUI/Pods-TestUI.debug.xcconfig"; sourceTree = "<group>"; };
/* End PBXFileReference section */

/* Begin PBXFrameworksBuildPhase section */
		8B2A0B341E3C17AB00603D55 /* Frameworks */ = {
			isa = PBXFrameworksBuildPhase;
			buildActionMask = 2147483647;
			files = (
				8BB8F9321E485348005396F8 /* ColorfulWoodUIBase.framework in Frameworks */,
				CE8E8D92182A292C2F432E2E /* libPods-TestUI.a in Frameworks */,
			);
			runOnlyForDeploymentPostprocessing = 0;
		};
		8B2A0B501E3C17AB00603D55 /* Frameworks */ = {
			isa = PBXFrameworksBuildPhase;
			buildActionMask = 2147483647;
			files = (
			);
			runOnlyForDeploymentPostprocessing = 0;
		};
		8B2A0B5B1E3C17AB00603D55 /* Frameworks */ = {
			isa = PBXFrameworksBuildPhase;
			buildActionMask = 2147483647;
			files = (
			);
			runOnlyForDeploymentPostprocessing = 0;
		};
/* End PBXFrameworksBuildPhase section */

/* Begin PBXGroup section */
		8B2A0B2E1E3C17AB00603D55 = {
			isa = PBXGroup;
			children = (
				8B2A0B391E3C17AB00603D55 /* TestUI */,
				8B2A0B561E3C17AB00603D55 /* TestUITests */,
				8B2A0B611E3C17AB00603D55 /* TestUIUITests */,
				8B2A0B381E3C17AB00603D55 /* Products */,
				8B2A0BCD1E43EDAD00603D55 /* Frameworks */,
				9A86CECAE929A2CCA9708930 /* Pods */,
			);
			sourceTree = "<group>";
		};
		8B2A0B381E3C17AB00603D55 /* Products */ = {
			isa = PBXGroup;
			children = (
				8B2A0B371E3C17AB00603D55 /* TestUI.app */,
				8B2A0B531E3C17AB00603D55 /* TestUITests.xctest */,
				8B2A0B5E1E3C17AB00603D55 /* TestUIUITests.xctest */,
			);
			name = Products;
			sourceTree = "<group>";
		};
		8B2A0B391E3C17AB00603D55 /* TestUI */ = {
			isa = PBXGroup;
			children = (
				8B2A0B3D1E3C17AB00603D55 /* AppDelegate.h */,
				8B2A0B3E1E3C17AB00603D55 /* AppDelegate.m */,
				8B2A0B401E3C17AB00603D55 /* ViewController.h */,
				8B2A0B411E3C17AB00603D55 /* ViewController.m */,
				8B2A0B431E3C17AB00603D55 /* Main.storyboard */,
				8B2A0B491E3C17AB00603D55 /* Assets.xcassets */,
				8B2A0B4B1E3C17AB00603D55 /* LaunchScreen.storyboard */,
				8B2A0B4E1E3C17AB00603D55 /* Info.plist */,
				8B2A0B461E3C17AB00603D55 /* TestUI.xcdatamodeld */,
				8B2A0B3A1E3C17AB00603D55 /* Supporting Files */,
			);
			path = TestUI;
			sourceTree = "<group>";
		};
		8B2A0B3A1E3C17AB00603D55 /* Supporting Files */ = {
			isa = PBXGroup;
			children = (
				8B2A0B3B1E3C17AB00603D55 /* main.m */,
				8B3A65691E49C760003694A8 /* TestUI.pch */,
			);
			name = "Supporting Files";
			sourceTree = "<group>";
		};
		8B2A0B561E3C17AB00603D55 /* TestUITests */ = {
			isa = PBXGroup;
			children = (
				8B2A0B571E3C17AB00603D55 /* TestUITests.m */,
				8B2A0B591E3C17AB00603D55 /* Info.plist */,
			);
			path = TestUITests;
			sourceTree = "<group>";
		};
		8B2A0B611E3C17AB00603D55 /* TestUIUITests */ = {
			isa = PBXGroup;
			children = (
				8B2A0B621E3C17AB00603D55 /* TestUIUITests.m */,
				8B2A0B641E3C17AB00603D55 /* Info.plist */,
			);
			path = TestUIUITests;
			sourceTree = "<group>";
		};
		8B2A0BCD1E43EDAD00603D55 /* Frameworks */ = {
			isa = PBXGroup;
			children = (
				8B2A0BD01E43EDD500603D55 /* ColorfulWoodUIBase.framework */,
				8B2A0BCE1E43EDAD00603D55 /* Accelerate.framework */,
				03E2943E35CC127EB69ABC09 /* libPods-TestUI.a */,
			);
			name = Frameworks;
			sourceTree = "<group>";
		};
		9A86CECAE929A2CCA9708930 /* Pods */ = {
			isa = PBXGroup;
			children = (
				E24D33A24C5445A7EAF11A12 /* Pods-TestUI.debug.xcconfig */,
				B485B75A70CF5ABE10948B63 /* Pods-TestUI.release.xcconfig */,
			);
			name = Pods;
			sourceTree = "<group>";
		};
/* End PBXGroup section */

/* Begin PBXNativeTarget section */
		8B2A0B361E3C17AB00603D55 /* TestUI */ = {
			isa = PBXNativeTarget;
			buildConfigurationList = 8B2A0B671E3C17AB00603D55 /* Build configuration list for PBXNativeTarget "TestUI" */;
			buildPhases = (
				A2123B36C118EC5CA423BBC8 /* [CP] Check Pods Manifest.lock */,
				8B2A0B331E3C17AB00603D55 /* Sources */,
				8B2A0B341E3C17AB00603D55 /* Frameworks */,
				8B2A0B351E3C17AB00603D55 /* Resources */,
				8B04F4A91E4687FA0095C2EC /* Embed Frameworks */,
				EF2EF5AE428B813CEF350A84 /* [CP] Embed Pods Frameworks */,
				33B659E0F3FDC8669B15399F /* [CP] Copy Pods Resources */,
			);
			buildRules = (
			);
			dependencies = (
			);
			name = TestUI;
			productName = TestUI;
			productReference = 8B2A0B371E3C17AB00603D55 /* TestUI.app */;
			productType = "com.apple.product-type.application";
		};
		8B2A0B521E3C17AB00603D55 /* TestUITests */ = {
			isa = PBXNativeTarget;
			buildConfigurationList = 8B2A0B6A1E3C17AB00603D55 /* Build configuration list for PBXNativeTarget "TestUITests" */;
			buildPhases = (
				8B2A0B4F1E3C17AB00603D55 /* Sources */,
				8B2A0B501E3C17AB00603D55 /* Frameworks */,
				8B2A0B511E3C17AB00603D55 /* Resources */,
			);
			buildRules = (
			);
			dependencies = (
				8B2A0B551E3C17AB00603D55 /* PBXTargetDependency */,
			);
			name = TestUITests;
			productName = TestUITests;
			productReference = 8B2A0B531E3C17AB00603D55 /* TestUITests.xctest */;
			productType = "com.apple.product-type.bundle.unit-test";
		};
		8B2A0B5D1E3C17AB00603D55 /* TestUIUITests */ = {
			isa = PBXNativeTarget;
			buildConfigurationList = 8B2A0B6D1E3C17AB00603D55 /* Build configuration list for PBXNativeTarget "TestUIUITests" */;
			buildPhases = (
				8B2A0B5A1E3C17AB00603D55 /* Sources */,
				8B2A0B5B1E3C17AB00603D55 /* Frameworks */,
				8B2A0B5C1E3C17AB00603D55 /* Resources */,
			);
			buildRules = (
			);
			dependencies = (
				8B2A0B601E3C17AB00603D55 /* PBXTargetDependency */,
			);
			name = TestUIUITests;
			productName = TestUIUITests;
			productReference = 8B2A0B5E1E3C17AB00603D55 /* TestUIUITests.xctest */;
			productType = "com.apple.product-type.bundle.ui-testing";
		};
/* End PBXNativeTarget section */

/* Begin PBXProject section */
		8B2A0B2F1E3C17AB00603D55 /* Project object */ = {
			isa = PBXProject;
			attributes = {
				LastUpgradeCheck = 0820;
				ORGANIZATIONNAME = ColorWood;
				TargetAttributes = {
					8B2A0B361E3C17AB00603D55 = {
						CreatedOnToolsVersion = 8.2.1;
						ProvisioningStyle = Automatic;
					};
					8B2A0B521E3C17AB00603D55 = {
						CreatedOnToolsVersion = 8.2.1;
						DevelopmentTeam = 8SN9TJYA97;
						ProvisioningStyle = Automatic;
						TestTargetID = 8B2A0B361E3C17AB00603D55;
					};
					8B2A0B5D1E3C17AB00603D55 = {
						CreatedOnToolsVersion = 8.2.1;
						DevelopmentTeam = 8SN9TJYA97;
						ProvisioningStyle = Automatic;
						TestTargetID = 8B2A0B361E3C17AB00603D55;
					};
				};
			};
			buildConfigurationList = 8B2A0B321E3C17AB00603D55 /* Build configuration list for PBXProject "TestUI" */;
			compatibilityVersion = "Xcode 3.2";
			developmentRegion = English;
			hasScannedForEncodings = 0;
			knownRegions = (
				en,
				Base,
			);
			mainGroup = 8B2A0B2E1E3C17AB00603D55;
			productRefGroup = 8B2A0B381E3C17AB00603D55 /* Products */;
			projectDirPath = "";
			projectRoot = "";
			targets = (
				8B2A0B361E3C17AB00603D55 /* TestUI */,
				8B2A0B521E3C17AB00603D55 /* TestUITests */,
				8B2A0B5D1E3C17AB00603D55 /* TestUIUITests */,
			);
		};
/* End PBXProject section */

/* Begin PBXResourcesBuildPhase section */
		8B2A0B351E3C17AB00603D55 /* Resources */ = {
			isa = PBXResourcesBuildPhase;
			buildActionMask = 2147483647;
			files = (
				8B2A0B4D1E3C17AB00603D55 /* LaunchScreen.storyboard in Resources */,
				8B2A0B4A1E3C17AB00603D55 /* Assets.xcassets in Resources */,
				8B2A0B451E3C17AB00603D55 /* Main.storyboard in Resources */,
			);
			runOnlyForDeploymentPostprocessing = 0;
		};
		8B2A0B511E3C17AB00603D55 /* Resources */ = {
			isa = PBXResourcesBuildPhase;
			buildActionMask = 2147483647;
			files = (
			);
			runOnlyForDeploymentPostprocessing = 0;
		};
		8B2A0B5C1E3C17AB00603D55 /* Resources */ = {
			isa = PBXResourcesBuildPhase;
			buildActionMask = 2147483647;
			files = (
			);
			runOnlyForDeploymentPostprocessing = 0;
		};
/* End PBXResourcesBuildPhase section */

/* Begin PBXShellScriptBuildPhase section */
		33B659E0F3FDC8669B15399F /* [CP] Copy Pods Resources */ = {
			isa = PBXShellScriptBuildPhase;
			buildActionMask = 2147483647;
			files = (
			);
			inputPaths = (
			);
			name = "[CP] Copy Pods Resources";
			outputPaths = (
			);
			runOnlyForDeploymentPostprocessing = 0;
			shellPath = /bin/sh;
			shellScript = "\"${SRCROOT}/Pods/Target Support Files/Pods-TestUI/Pods-TestUI-resources.sh\"\n";
			showEnvVarsInLog = 0;
		};
		A2123B36C118EC5CA423BBC8 /* [CP] Check Pods Manifest.lock */ = {
			isa = PBXShellScriptBuildPhase;
			buildActionMask = 2147483647;
			files = (
			);
			inputPaths = (
			);
			name = "[CP] Check Pods Manifest.lock";
			outputPaths = (
			);
			runOnlyForDeploymentPostprocessing = 0;
			shellPath = /bin/sh;
			shellScript = "diff \"${PODS_ROOT}/../Podfile.lock\" \"${PODS_ROOT}/Manifest.lock\" > /dev/null\nif [ $? != 0 ] ; then\n    # print error to STDERR\n    echo \"error: The sandbox is not in sync with the Podfile.lock. Run 'pod install' or update your CocoaPods installation.\" >&2\n    exit 1\nfi\n";
			showEnvVarsInLog = 0;
		};
		EF2EF5AE428B813CEF350A84 /* [CP] Embed Pods Frameworks */ = {
			isa = PBXShellScriptBuildPhase;
			buildActionMask = 2147483647;
			files = (
			);
			inputPaths = (
			);
			name = "[CP] Embed Pods Frameworks";
			outputPaths = (
			);
			runOnlyForDeploymentPostprocessing = 0;
			shellPath = /bin/sh;
			shellScript = "\"${SRCROOT}/Pods/Target Support Files/Pods-TestUI/Pods-TestUI-frameworks.sh\"\n";
			showEnvVarsInLog = 0;
		};
/* End PBXShellScriptBuildPhase section */

/* Begin PBXSourcesBuildPhase section */
		8B2A0B331E3C17AB00603D55 /* Sources */ = {
			isa = PBXSourcesBuildPhase;
			buildActionMask = 2147483647;
			files = (
				8B2A0B421E3C17AB00603D55 /* ViewController.m in Sources */,
				8B2A0B481E3C17AB00603D55 /* TestUI.xcdatamodeld in Sources */,
				8B2A0B3F1E3C17AB00603D55 /* AppDelegate.m in Sources */,
				8B2A0B3C1E3C17AB00603D55 /* main.m in Sources */,
			);
			runOnlyForDeploymentPostprocessing = 0;
		};
		8B2A0B4F1E3C17AB00603D55 /* Sources */ = {
			isa = PBXSourcesBuildPhase;
			buildActionMask = 2147483647;
			files = (
				8B2A0B581E3C17AB00603D55 /* TestUITests.m in Sources */,
			);
			runOnlyForDeploymentPostprocessing = 0;
		};
		8B2A0B5A1E3C17AB00603D55 /* Sources */ = {
			isa = PBXSourcesBuildPhase;
			buildActionMask = 2147483647;
			files = (
				8B2A0B631E3C17AB00603D55 /* TestUIUITests.m in Sources */,
			);
			runOnlyForDeploymentPostprocessing = 0;
		};
/* End PBXSourcesBuildPhase section */

/* Begin PBXTargetDependency section */
		8B2A0B551E3C17AB00603D55 /* PBXTargetDependency */ = {
			isa = PBXTargetDependency;
			target = 8B2A0B361E3C17AB00603D55 /* TestUI */;
			targetProxy = 8B2A0B541E3C17AB00603D55 /* PBXContainerItemProxy */;
		};
		8B2A0B601E3C17AB00603D55 /* PBXTargetDependency */ = {
			isa = PBXTargetDependency;
			target = 8B2A0B361E3C17AB00603D55 /* TestUI */;
			targetProxy = 8B2A0B5F1E3C17AB00603D55 /* PBXContainerItemProxy */;
		};
/* End PBXTargetDependency section */

/* Begin PBXVariantGroup section */
		8B2A0B431E3C17AB00603D55 /* Main.storyboard */ = {
			isa = PBXVariantGroup;
			children = (
				8B2A0B441E3C17AB00603D55 /* Base */,
			);
			name = Main.storyboard;
			sourceTree = "<group>";
		};
		8B2A0B4B1E3C17AB00603D55 /* LaunchScreen.storyboard */ = {
			isa = PBXVariantGroup;
			children = (
				8B2A0B4C1E3C17AB00603D55 /* Base */,
			);
			name = LaunchScreen.storyboard;
			sourceTree = "<group>";
		};
/* End PBXVariantGroup section */

/* Begin XCBuildConfiguration section */
		8B2A0B651E3C17AB00603D55 /* Debug */ = {
			isa = XCBuildConfiguration;
			buildSettings = {
				ALWAYS_SEARCH_USER_PATHS = NO;
				CLANG_ANALYZER_NONNULL = YES;
				CLANG_CXX_LANGUAGE_STANDARD = "gnu++0x";
				CLANG_CXX_LIBRARY = "libc++";
				CLANG_ENABLE_MODULES = YES;
				CLANG_ENABLE_OBJC_ARC = YES;
				CLANG_WARN_BOOL_CONVERSION = YES;
				CLANG_WARN_CONSTANT_CONVERSION = YES;
				CLANG_WARN_DIRECT_OBJC_ISA_USAGE = YES_ERROR;
				CLANG_WARN_DOCUMENTATION_COMMENTS = YES;
				CLANG_WARN_EMPTY_BODY = YES;
				CLANG_WARN_ENUM_CONVERSION = YES;
				CLANG_WARN_INFINITE_RECURSION = YES;
				CLANG_WARN_INT_CONVERSION = YES;
				CLANG_WARN_OBJC_ROOT_CLASS = YES_ERROR;
				CLANG_WARN_SUSPICIOUS_MOVE = YES;
				CLANG_WARN_UNREACHABLE_CODE = YES;
				CLANG_WARN__DUPLICATE_METHOD_MATCH = YES;
				"CODE_SIGN_IDENTITY[sdk=iphoneos*]" = "iPhone Developer";
				COPY_PHASE_STRIP = NO;
				DEBUG_INFORMATION_FORMAT = dwarf;
				ENABLE_STRICT_OBJC_MSGSEND = YES;
				ENABLE_TESTABILITY = YES;
				GCC_C_LANGUAGE_STANDARD = gnu99;
				GCC_DYNAMIC_NO_PIC = NO;
				GCC_NO_COMMON_BLOCKS = YES;
				GCC_OPTIMIZATION_LEVEL = 0;
				GCC_PREPROCESSOR_DEFINITIONS = (
					"DEBUG=1",
					"$(inherited)",
				);
				GCC_WARN_64_TO_32_BIT_CONVERSION = YES;
				GCC_WARN_ABOUT_RETURN_TYPE = YES_ERROR;
				GCC_WARN_UNDECLARED_SELECTOR = YES;
				GCC_WARN_UNINITIALIZED_AUTOS = YES_AGGRESSIVE;
				GCC_WARN_UNUSED_FUNCTION = YES;
				GCC_WARN_UNUSED_VARIABLE = YES;
				IPHONEOS_DEPLOYMENT_TARGET = 10.2;
				MTL_ENABLE_DEBUG_INFO = YES;
				ONLY_ACTIVE_ARCH = YES;
				SDKROOT = iphoneos;
				TARGETED_DEVICE_FAMILY = "1,2";
			};
			name = Debug;
		};
		8B2A0B661E3C17AB00603D55 /* Release */ = {
			isa = XCBuildConfiguration;
			buildSettings = {
				ALWAYS_SEARCH_USER_PATHS = NO;
				CLANG_ANALYZER_NONNULL = YES;
				CLANG_CXX_LANGUAGE_STANDARD = "gnu++0x";
				CLANG_CXX_LIBRARY = "libc++";
				CLANG_ENABLE_MODULES = YES;
				CLANG_ENABLE_OBJC_ARC = YES;
				CLANG_WARN_BOOL_CONVERSION = YES;
				CLANG_WARN_CONSTANT_CONVERSION = YES;
				CLANG_WARN_DIRECT_OBJC_ISA_USAGE = YES_ERROR;
				CLANG_WARN_DOCUMENTATION_COMMENTS = YES;
				CLANG_WARN_EMPTY_BODY = YES;
				CLANG_WARN_ENUM_CONVERSION = YES;
				CLANG_WARN_INFINITE_RECURSION = YES;
				CLANG_WARN_INT_CONVERSION = YES;
				CLANG_WARN_OBJC_ROOT_CLASS = YES_ERROR;
				CLANG_WARN_SUSPICIOUS_MOVE = YES;
				CLANG_WARN_UNREACHABLE_CODE = YES;
				CLANG_WARN__DUPLICATE_METHOD_MATCH = YES;
				"CODE_SIGN_IDENTITY[sdk=iphoneos*]" = "iPhone Developer";
				COPY_PHASE_STRIP = NO;
				DEBUG_INFORMATION_FORMAT = "dwarf-with-dsym";
				ENABLE_NS_ASSERTIONS = NO;
				ENABLE_STRICT_OBJC_MSGSEND = YES;
				GCC_C_LANGUAGE_STANDARD = gnu99;
				GCC_NO_COMMON_BLOCKS = YES;
				GCC_WARN_64_TO_32_BIT_CONVERSION = YES;
				GCC_WARN_ABOUT_RETURN_TYPE = YES_ERROR;
				GCC_WARN_UNDECLARED_SELECTOR = YES;
				GCC_WARN_UNINITIALIZED_AUTOS = YES_AGGRESSIVE;
				GCC_WARN_UNUSED_FUNCTION = YES;
				GCC_WARN_UNUSED_VARIABLE = YES;
				IPHONEOS_DEPLOYMENT_TARGET = 10.2;
				MTL_ENABLE_DEBUG_INFO = NO;
				SDKROOT = iphoneos;
				TARGETED_DEVICE_FAMILY = "1,2";
				VALIDATE_PRODUCT = YES;
			};
			name = Release;
		};
		8B2A0B681E3C17AB00603D55 /* Debug */ = {
			isa = XCBuildConfiguration;
			baseConfigurationReference = E24D33A24C5445A7EAF11A12 /* Pods-TestUI.debug.xcconfig */;
			buildSettings = {
				ASSETCATALOG_COMPILER_APPICON_NAME = AppIcon;
				"CODE_SIGN_IDENTITY[sdk=iphoneos*]" = "iPhone Developer";
				DEVELOPMENT_TEAM = "";
				FRAMEWORK_SEARCH_PATHS = (
					"$(inherited)",
					"$(PROJECT_DIR)/TestUI",
				);
				GCC_INCREASE_PRECOMPILED_HEADER_SHARING = NO;
				GCC_PREFIX_HEADER = "$(PROJECT_DIR)/TestUI/TestUI.pch";
				INFOPLIST_FILE = TestUI/Info.plist;
				IPHONEOS_DEPLOYMENT_TARGET = 8.0;
				LD_RUNPATH_SEARCH_PATHS = "$(inherited) @executable_path/Frameworks";
				PRODUCT_BUNDLE_IDENTIFIER = com.wood.TestUI;
				PRODUCT_NAME = "$(TARGET_NAME)";
			};
			name = Debug;
		};
		8B2A0B691E3C17AB00603D55 /* Release */ = {
			isa = XCBuildConfiguration;
			baseConfigurationReference = B485B75A70CF5ABE10948B63 /* Pods-TestUI.release.xcconfig */;
			buildSettings = {
				ASSETCATALOG_COMPILER_APPICON_NAME = AppIcon;
				"CODE_SIGN_IDENTITY[sdk=iphoneos*]" = "iPhone Developer";
				DEVELOPMENT_TEAM = "";
				FRAMEWORK_SEARCH_PATHS = (
					"$(inherited)",
					"$(PROJECT_DIR)/TestUI",
				);
				GCC_INCREASE_PRECOMPILED_HEADER_SHARING = NO;
				GCC_PREFIX_HEADER = "$(PROJECT_DIR)/TestUI/TestUI.pch";
				INFOPLIST_FILE = TestUI/Info.plist;
				IPHONEOS_DEPLOYMENT_TARGET = 8.0;
				LD_RUNPATH_SEARCH_PATHS = "$(inherited) @executable_path/Frameworks";
				PRODUCT_BUNDLE_IDENTIFIER = com.wood.TestUI;
				PRODUCT_NAME = "$(TARGET_NAME)";
			};
			name = Release;
		};
		8B2A0B6B1E3C17AB00603D55 /* Debug */ = {
			isa = XCBuildConfiguration;
			buildSettings = {
				BUNDLE_LOADER = "$(TEST_HOST)";
				DEVELOPMENT_TEAM = 8SN9TJYA97;
				INFOPLIST_FILE = TestUITests/Info.plist;
				LD_RUNPATH_SEARCH_PATHS = "$(inherited) @executable_path/Frameworks @loader_path/Frameworks";
				PRODUCT_BUNDLE_IDENTIFIER = com.wood.TestUITests;
				PRODUCT_NAME = "$(TARGET_NAME)";
				TEST_HOST = "$(BUILT_PRODUCTS_DIR)/TestUI.app/TestUI";
			};
			name = Debug;
		};
		8B2A0B6C1E3C17AB00603D55 /* Release */ = {
			isa = XCBuildConfiguration;
			buildSettings = {
				BUNDLE_LOADER = "$(TEST_HOST)";
				DEVELOPMENT_TEAM = 8SN9TJYA97;
				INFOPLIST_FILE = TestUITests/Info.plist;
				LD_RUNPATH_SEARCH_PATHS = "$(inherited) @executable_path/Frameworks @loader_path/Frameworks";
				PRODUCT_BUNDLE_IDENTIFIER = com.wood.TestUITests;
				PRODUCT_NAME = "$(TARGET_NAME)";
				TEST_HOST = "$(BUILT_PRODUCTS_DIR)/TestUI.app/TestUI";
			};
			name = Release;
		};
		8B2A0B6E1E3C17AB00603D55 /* Debug */ = {
			isa = XCBuildConfiguration;
			buildSettings = {
				DEVELOPMENT_TEAM = 8SN9TJYA97;
				INFOPLIST_FILE = TestUIUITests/Info.plist;
				LD_RUNPATH_SEARCH_PATHS = "$(inherited) @executable_path/Frameworks @loader_path/Frameworks";
				PRODUCT_BUNDLE_IDENTIFIER = com.wood.TestUIUITests;
				PRODUCT_NAME = "$(TARGET_NAME)";
				TEST_TARGET_NAME = TestUI;
			};
			name = Debug;
		};
		8B2A0B6F1E3C17AB00603D55 /* Release */ = {
			isa = XCBuildConfiguration;
			buildSettings = {
				DEVELOPMENT_TEAM = 8SN9TJYA97;
				INFOPLIST_FILE = TestUIUITests/Info.plist;
				LD_RUNPATH_SEARCH_PATHS = "$(inherited) @executable_path/Frameworks @loader_path/Frameworks";
				PRODUCT_BUNDLE_IDENTIFIER = com.wood.TestUIUITests;
				PRODUCT_NAME = "$(TARGET_NAME)";
				TEST_TARGET_NAME = TestUI;
			};
			name = Release;
		};
/* End XCBuildConfiguration section */

/* Begin XCConfigurationList section */
		8B2A0B321E3C17AB00603D55 /* Build configuration list for PBXProject "TestUI" */ = {
			isa = XCConfigurationList;
			buildConfigurations = (
				8B2A0B651E3C17AB00603D55 /* Debug */,
				8B2A0B661E3C17AB00603D55 /* Release */,
			);
			defaultConfigurationIsVisible = 0;
			defaultConfigurationName = Release;
		};
		8B2A0B671E3C17AB00603D55 /* Build configuration list for PBXNativeTarget "TestUI" */ = {
			isa = XCConfigurationList;
			buildConfigurations = (
				8B2A0B681E3C17AB00603D55 /* Debug */,
				8B2A0B691E3C17AB00603D55 /* Release */,
			);
			defaultConfigurationIsVisible = 0;
			defaultConfigurationName = Release;
		};
		8B2A0B6A1E3C17AB00603D55 /* Build configuration list for PBXNativeTarget "TestUITests" */ = {
			isa = XCConfigurationList;
			buildConfigurations = (
				8B2A0B6B1E3C17AB00603D55 /* Debug */,
				8B2A0B6C1E3C17AB00603D55 /* Release */,
			);
			defaultConfigurationIsVisible = 0;
			defaultConfigurationName = Release;
		};
		8B2A0B6D1E3C17AB00603D55 /* Build configuration list for PBXNativeTarget "TestUIUITests" */ = {
			isa = XCConfigurationList;
			buildConfigurations = (
				8B2A0B6E1E3C17AB00603D55 /* Debug */,
				8B2A0B6F1E3C17AB00603D55 /* Release */,
			);
			defaultConfigurationIsVisible = 0;
			defaultConfigurationName = Release;
		};
/* End XCConfigurationList section */

/* Begin XCVersionGroup section */
		8B2A0B461E3C17AB00603D55 /* TestUI.xcdatamodeld */ = {
			isa = XCVersionGroup;
			children = (
				8B2A0B471E3C17AB00603D55 /* TestUI.xcdatamodel */,
			);
			currentVersion = 8B2A0B471E3C17AB00603D55 /* TestUI.xcdatamodel */;
			path = TestUI.xcdatamodeld;
			sourceTree = "<group>";
			versionGroupType = wrapper.xcdatamodel;
		};
/* End XCVersionGroup section */
	};
	rootObject = 8B2A0B2F1E3C17AB00603D55 /* Project object */;
}
